
Microsoft Visual Studio Solution File, Format Version 12.00
# Visual Studio Version 16
VisualStudioVersion = 16.0.32126.315
MinimumVisualStudioVersion = 10.0.40219.1
Project("{8BC9CEB8-8B4A-11D0-8D11-00A0C91BC942}") = "processInjection", "processInjection\processInjection.vcxproj", "{84D319EB-B1A1-41F8-BE53-1DB09BB4C41C}"
EndProject
Global
	GlobalSection(SolutionConfigurationPlatforms) = preSolution
		Debug|x64 = Debug|x64
		Debug|x86 = Debug|x86
		Release|x64 = Release|x64
		Release|x86 = Release|x86
	EndGlobalSection
	GlobalSection(ProjectConfigurationPlatforms) = postSolution
		{84D319EB-B1A1-41F8-BE53-1DB09BB4C41C}.Debug|x64.ActiveCfg = Debug|x64
		{84D319EB-B1A1-41F8-BE53-1DB09BB4C41C}.Debug|x64.Build.0 = Debug|x64
		{84D319EB-B1A1-41F8-BE53-1DB09BB4C41C}.Debug|x86.ActiveCfg = Debug|Win32
		{84D319EB-B1A1-41F8-BE53-1DB09BB4C41C}.Debug|x86.Build.0 = Debug|Win32
		{84D319EB-B1A1-41F8-BE53-1DB09BB4C41C}.Release|x64.ActiveCfg = Release|x64
		{84D319EB-B1A1-41F8-BE53-1DB09BB4C41C}.Release|x64.Build.0 = Release|x64
		{84D319EB-B1A1-41F8-BE53-1DB09BB4C41C}.Release|x86.ActiveCfg = Release|Win32
		{84D319EB-B1A1-41F8-BE53-1DB09BB4C41C}.Release|x86.Build.0 = Release|Win32
	EndGlobalSection
	GlobalSection(SolutionProperties) = preSolution
		HideSolutionNode = FALSE
	EndGlobalSection
	GlobalSection(ExtensibilityGlobals) = postSolution
		SolutionGuid = {096AD516-DACD-48C5-9211-CDD225063823}
	EndGlobalSection
EndGlobal
